%{"decimal": {:git, "git://github.com/ericmj/decimal.git", "0676c03d8460809db400c7c3dbaef65adc543721", [tag: "0676c03d8460809db400c7c3dbaef65adc543721"]},
  "emysql": {:git, "git://github.com/Eonblast/Emysql.git", "c7e2103f8b737667f0128802e8de2f0d5ed2fa5c", []},
  "inutils": {:git, "git@git.maxbet.asia:elixir/inutils.git", "d21ba8ab1898fecb2ee5a48421711aa6ec119597", []}}
