%{"decimal": {:git, "git://github.com/ericmj/decimal.git", "b4fd0f063ea7be43de5a942e79441b07f3e89484", []},
  "emysql": {:git, "git://github.com/Eonblast/Emysql.git", "c7e2103f8b737667f0128802e8de2f0d5ed2fa5c", []},
  "inutils": {:git, "git@git.maxbet.asia:elixir/inutils.git", "d21ba8ab1898fecb2ee5a48421711aa6ec119597", []}}
